<?xml version="1.0" encoding="utf-8"?>
<Project ToolsVersion="4.0" xmlns="http://schemas.microsoft.com/developer/msbuild/2003">
  <ItemGroup>
    <Filter Include="Source Files">
      <UniqueIdentifier>{4FC737F1-C7A5-4376-A066-2A32D752A2FF}</UniqueIdentifier>
      <Extensions>cpp;c;cc;cxx;def;odl;idl;hpj;bat;asm;asmx</Extensions>
    </Filter>
    <Filter Include="Header Files">
      <UniqueIdentifier>{93995380-89BD-4b04-88EB-625FBE52EBFB}</UniqueIdentifier>
      <Extensions>h;hpp;hxx;hm;inl;inc;xsd</Extensions>
    </Filter>
    <Filter Include="Resource Files">
      <UniqueIdentifier>{67DA6AB6-F800-4c08-8B7A-83BB121AAD01}</UniqueIdentifier>
      <Extensions>rc;ico;cur;bmp;dlg;rc2;rct;bin;rgs;gif;jpg;jpeg;jpe;resx;tiff;tif;png;wav;mfcribbon-ms</Extensions>
    </Filter>
  </ItemGroup>
  <ItemGroup>
    <ClInclude Include="Beam2D.h">
      <Filter>Header Files</Filter>
    </ClInclude>
    <ClInclude Include="BeamLoad2D.h">
      <Filter>Header Files</Filter>
    </ClInclude>
    <ClInclude Include="ElasticFrame2D.h">
      <Filter>Header Files</Filter>
    </ClInclude>
    <ClInclude Include="EventAnalysis2D.h">
      <Filter>Header Files</Filter>
    </ClInclude>
    <ClInclude Include="MomentLoad2D.h">
      <Filter>Header Files</Filter>
    </ClInclude>
    <ClInclude Include="Node2D.h">
      <Filter>Header Files</Filter>
    </ClInclude>
    <ClInclude Include="NodeLoad2D.h">
      <Filter>Header Files</Filter>
    </ClInclude>
    <ClInclude Include="NonLinearFrame2D.h">
      <Filter>Header Files</Filter>
    </ClInclude>
    <ClInclude Include="NonLinearStatic2D.h">
      <Filter>Header Files</Filter>
    </ClInclude>
    <ClInclude Include="PointLoad2D.h">
      <Filter>Header Files</Filter>
    </ClInclude>
    <ClInclude Include="PyramidLoad2D.h">
      <Filter>Header Files</Filter>
    </ClInclude>
    <ClInclude Include="TriangularLoad2D.h">
      <Filter>Header Files</Filter>
    </ClInclude>
    <ClInclude Include="UniformLoad2D.h">
      <Filter>Header Files</Filter>
    </ClInclude>
    <ClInclude Include="stdafx.h">
      <Filter>Header Files</Filter>
    </ClInclude>
    <ClInclude Include="targetver.h">
      <Filter>Header Files</Filter>
    </ClInclude>
    <ClInclude Include="Section2D.h">
      <Filter>Header Files</Filter>
    </ClInclude>
    <ClInclude Include="DegreeOfFreedom2D.h">
      <Filter>Header Files</Filter>
    </ClInclude>
  </ItemGroup>
  <ItemGroup>
    <ClCompile Include="Beam2D.cpp">
      <Filter>Source Files</Filter>
    </ClCompile>
    <ClCompile Include="BeamLoad2D.cpp">
      <Filter>Source Files</Filter>
    </ClCompile>
    <ClCompile Include="ElasticFrame2D.cpp">
      <Filter>Source Files</Filter>
    </ClCompile>
    <ClCompile Include="EventAnalysis2D.cpp">
      <Filter>Source Files</Filter>
    </ClCompile>
    <ClCompile Include="MomentLoad2D.cpp">
      <Filter>Source Files</Filter>
    </ClCompile>
    <ClCompile Include="Node2D.cpp">
      <Filter>Source Files</Filter>
    </ClCompile>
    <ClCompile Include="NodeLoad2D.cpp">
      <Filter>Source Files</Filter>
    </ClCompile>
    <ClCompile Include="NonLinearFrame2D.cpp">
      <Filter>Source Files</Filter>
    </ClCompile>
    <ClCompile Include="NonLinearStatic2D.cpp">
      <Filter>Source Files</Filter>
    </ClCompile>
    <ClCompile Include="PointLoad2D.cpp">
      <Filter>Source Files</Filter>
    </ClCompile>
    <ClCompile Include="PyramidLoad2D.cpp">
      <Filter>Source Files</Filter>
    </ClCompile>
    <ClCompile Include="TriangularLoad2D.cpp">
      <Filter>Source Files</Filter>
    </ClCompile>
    <ClCompile Include="UniformLoad.cpp">
      <Filter>Source Files</Filter>
    </ClCompile>
    <ClCompile Include="stdafx.cpp">
      <Filter>Source Files</Filter>
    </ClCompile>
    <ClCompile Include="MainFile.cpp">
      <Filter>Source Files</Filter>
    </ClCompile>
    <ClCompile Include="Section2D.cpp">
      <Filter>Source Files</Filter>
    </ClCompile>
    <ClCompile Include="DegreeOfFreedom2D.cpp">
      <Filter>Source Files</Filter>
    </ClCompile>
  </ItemGroup>
</Project>